
Microsoft Visual Studio Solution File, Format Version 12.00
# Visual Studio Version 17
VisualStudioVersion = 17.2.32317.152
MinimumVisualStudioVersion = 10.0.40219.1
Project("{9A19103F-16F7-4668-BE54-9A1E7A4F7556}") = "ZoDream.HexViewer", "ZoDream.HexViewer\ZoDream.HexViewer.csproj", "{7F170A2E-0731-4C74-A6A4-A5B68459D2CB}"
EndProject
Project("{9A19103F-16F7-4668-BE54-9A1E7A4F7556}") = "ZoDream.Tests", "ZoDream.Tests\ZoDream.Tests.csproj", "{8EACE304-7989-4F49-937C-11D9C6C62DAB}"
EndProject
Project("{9A19103F-16F7-4668-BE54-9A1E7A4F7556}") = "ZoDream.Shared.Controls", "..\shared\ZoDream.Shared.Controls\ZoDream.Shared.Controls.csproj", "{60645DD4-33C0-4F3B-9DB4-247F44912756}"
EndProject
Project("{9A19103F-16F7-4668-BE54-9A1E7A4F7556}") = "ZoDream.Shared", "..\shared\ZoDream.Shared\ZoDream.Shared.csproj", "{9ACE63DA-59E7-4007-9F1C-96835750013E}"
EndProject
Global
	GlobalSection(SolutionConfigurationPlatforms) = preSolution
		Debug|Any CPU = Debug|Any CPU
		Release|Any CPU = Release|Any CPU
	EndGlobalSection
	GlobalSection(ProjectConfigurationPlatforms) = postSolution
		{7F170A2E-0731-4C74-A6A4-A5B68459D2CB}.Debug|Any CPU.ActiveCfg = Debug|Any CPU
		{7F170A2E-0731-4C74-A6A4-A5B68459D2CB}.Debug|Any CPU.Build.0 = Debug|Any CPU
		{7F170A2E-0731-4C74-A6A4-A5B68459D2CB}.Release|Any CPU.ActiveCfg = Release|Any CPU
		{7F170A2E-0731-4C74-A6A4-A5B68459D2CB}.Release|Any CPU.Build.0 = Release|Any CPU
		{8EACE304-7989-4F49-937C-11D9C6C62DAB}.Debug|Any CPU.ActiveCfg = Debug|Any CPU
		{8EACE304-7989-4F49-937C-11D9C6C62DAB}.Debug|Any CPU.Build.0 = Debug|Any CPU
		{8EACE304-7989-4F49-937C-11D9C6C62DAB}.Release|Any CPU.ActiveCfg = Release|Any CPU
		{8EACE304-7989-4F49-937C-11D9C6C62DAB}.Release|Any CPU.Build.0 = Release|Any CPU
		{60645DD4-33C0-4F3B-9DB4-247F44912756}.Debug|Any CPU.ActiveCfg = Debug|Any CPU
		{60645DD4-33C0-4F3B-9DB4-247F44912756}.Debug|Any CPU.Build.0 = Debug|Any CPU
		{60645DD4-33C0-4F3B-9DB4-247F44912756}.Release|Any CPU.ActiveCfg = Release|Any CPU
		{60645DD4-33C0-4F3B-9DB4-247F44912756}.Release|Any CPU.Build.0 = Release|Any CPU
		{9ACE63DA-59E7-4007-9F1C-96835750013E}.Debug|Any CPU.ActiveCfg = Debug|Any CPU
		{9ACE63DA-59E7-4007-9F1C-96835750013E}.Debug|Any CPU.Build.0 = Debug|Any CPU
		{9ACE63DA-59E7-4007-9F1C-96835750013E}.Release|Any CPU.ActiveCfg = Release|Any CPU
		{9ACE63DA-59E7-4007-9F1C-96835750013E}.Release|Any CPU.Build.0 = Release|Any CPU
	EndGlobalSection
	GlobalSection(SolutionProperties) = preSolution
		HideSolutionNode = FALSE
	EndGlobalSection
	GlobalSection(ExtensibilityGlobals) = postSolution
		SolutionGuid = {32463F32-B8E3-40F0-B87D-2C260686485C}
	EndGlobalSection
EndGlobal
